// !$*UTF8*$!
{
	archiveVersion = 1;
	classes = {
	};
	objectVersion = 46;
	objects = {

/* Begin PBXBuildFile section */
		2269DEDB1C5A196A00B89134 /* AppDelegate.swift in Sources */ = {isa = PBXBuildFile; fileRef = 2269DEDA1C5A196A00B89134 /* AppDelegate.swift */; };
		2269DEDD1C5A196A00B89134 /* ViewController.swift in Sources */ = {isa = PBXBuildFile; fileRef = 2269DEDC1C5A196A00B89134 /* ViewController.swift */; };
		2269DEE01C5A196A00B89134 /* Main.storyboard in Resources */ = {isa = PBXBuildFile; fileRef = 2269DEDE1C5A196A00B89134 /* Main.storyboard */; };
		2269DEE31C5A196A00B89134 /* WashAndShine.xcdatamodeld in Sources */ = {isa = PBXBuildFile; fileRef = 2269DEE11C5A196A00B89134 /* WashAndShine.xcdatamodeld */; };
		2269DEE51C5A196A00B89134 /* Assets.xcassets in Resources */ = {isa = PBXBuildFile; fileRef = 2269DEE41C5A196A00B89134 /* Assets.xcassets */; };
		2269DEE81C5A196A00B89134 /* LaunchScreen.storyboard in Resources */ = {isa = PBXBuildFile; fileRef = 2269DEE61C5A196A00B89134 /* LaunchScreen.storyboard */; };
		2269DEF31C5A196A00B89134 /* WashAndShineTests.swift in Sources */ = {isa = PBXBuildFile; fileRef = 2269DEF21C5A196A00B89134 /* WashAndShineTests.swift */; };
		2269DEFE1C5A196A00B89134 /* WashAndShineUITests.swift in Sources */ = {isa = PBXBuildFile; fileRef = 2269DEFD1C5A196A00B89134 /* WashAndShineUITests.swift */; };
/* End PBXBuildFile section */

/* Begin PBXContainerItemProxy section */
		2269DEEF1C5A196A00B89134 /* PBXContainerItemProxy */ = {
			isa = PBXContainerItemProxy;
			containerPortal = 2269DECF1C5A196A00B89134 /* Project object */;
			proxyType = 1;
			remoteGlobalIDString = 2269DED61C5A196A00B89134;
			remoteInfo = WashAndShine;
		};
		2269DEFA1C5A196A00B89134 /* PBXContainerItemProxy */ = {
			isa = PBXContainerItemProxy;
			containerPortal = 2269DECF1C5A196A00B89134 /* Project object */;
			proxyType = 1;
			remoteGlobalIDString = 2269DED61C5A196A00B89134;
			remoteInfo = WashAndShine;
		};
/* End PBXContainerItemProxy section */

/* Begin PBXFileReference section */
		2269DED71C5A196A00B89134 /* WashAndShine.app */ = {isa = PBXFileReference; explicitFileType = wrapper.application; includeInIndex = 0; path = WashAndShine.app; sourceTree = BUILT_PRODUCTS_DIR; };
		2269DEDA1C5A196A00B89134 /* AppDelegate.swift */ = {isa = PBXFileReference; lastKnownFileType = sourcecode.swift; path = AppDelegate.swift; sourceTree = "<group>"; };
		2269DEDC1C5A196A00B89134 /* ViewController.swift */ = {isa = PBXFileReference; lastKnownFileType = sourcecode.swift; path = ViewController.swift; sourceTree = "<group>"; };
		2269DEDF1C5A196A00B89134 /* Base */ = {isa = PBXFileReference; lastKnownFileType = file.storyboard; name = Base; path = Base.lproj/Main.storyboard; sourceTree = "<group>"; };
		2269DEE21C5A196A00B89134 /* WashAndShine.xcdatamodel */ = {isa = PBXFileReference; lastKnownFileType = wrapper.xcdatamodel; path = WashAndShine.xcdatamodel; sourceTree = "<group>"; };
		2269DEE41C5A196A00B89134 /* Assets.xcassets */ = {isa = PBXFileReference; lastKnownFileType = folder.assetcatalog; path = Assets.xcassets; sourceTree = "<group>"; };
		2269DEE71C5A196A00B89134 /* Base */ = {isa = PBXFileReference; lastKnownFileType = file.storyboard; name = Base; path = Base.lproj/LaunchScreen.storyboard; sourceTree = "<group>"; };
		2269DEE91C5A196A00B89134 /* Info.plist */ = {isa = PBXFileReference; lastKnownFileType = text.plist.xml; path = Info.plist; sourceTree = "<group>"; };
		2269DEEE1C5A196A00B89134 /* WashAndShineTests.xctest */ = {isa = PBXFileReference; explicitFileType = wrapper.cfbundle; includeInIndex = 0; path = WashAndShineTests.xctest; sourceTree = BUILT_PRODUCTS_DIR; };
		2269DEF21C5A196A00B89134 /* WashAndShineTests.swift */ = {isa = PBXFileReference; lastKnownFileType = sourcecode.swift; path = WashAndShineTests.swift; sourceTree = "<group>"; };
		2269DEF41C5A196A00B89134 /* Info.plist */ = {isa = PBXFileReference; lastKnownFileType = text.plist.xml; path = Info.plist; sourceTree = "<group>"; };
		2269DEF91C5A196A00B89134 /* WashAndShineUITests.xctest */ = {isa = PBXFileReference; explicitFileType = wrapper.cfbundle; includeInIndex = 0; path = WashAndShineUITests.xctest; sourceTree = BUILT_PRODUCTS_DIR; };
		2269DEFD1C5A196A00B89134 /* WashAndShineUITests.swift */ = {isa = PBXFileReference; lastKnownFileType = sourcecode.swift; path = WashAndShineUITests.swift; sourceTree = "<group>"; };
		2269DEFF1C5A196A00B89134 /* Info.plist */ = {isa = PBXFileReference; lastKnownFileType = text.plist.xml; path = Info.plist; sourceTree = "<group>"; };
/* End PBXFileReference section */

/* Begin PBXFrameworksBuildPhase section */
		2269DED41C5A196A00B89134 /* Frameworks */ = {
			isa = PBXFrameworksBuildPhase;
			buildActionMask = 2147483647;
			files = (
			);
			runOnlyForDeploymentPostprocessing = 0;
		};
		2269DEEB1C5A196A00B89134 /* Frameworks */ = {
			isa = PBXFrameworksBuildPhase;
			buildActionMask = 2147483647;
			files = (
			);
			runOnlyForDeploymentPostprocessing = 0;
		};
		2269DEF61C5A196A00B89134 /* Frameworks */ = {
			isa = PBXFrameworksBuildPhase;
			buildActionMask = 2147483647;
			files = (
			);
			runOnlyForDeploymentPostprocessing = 0;
		};
/* End PBXFrameworksBuildPhase section */

/* Begin PBXGroup section */
		2269DECE1C5A196A00B89134 = {
			isa = PBXGroup;
			children = (
				2269DED91C5A196A00B89134 /* WashAndShine */,
				2269DEF11C5A196A00B89134 /* WashAndShineTests */,
				2269DEFC1C5A196A00B89134 /* WashAndShineUITests */,
				2269DED81C5A196A00B89134 /* Products */,
			);
			sourceTree = "<group>";
		};
		2269DED81C5A196A00B89134 /* Products */ = {
			isa = PBXGroup;
			children = (
				2269DED71C5A196A00B89134 /* WashAndShine.app */,
				2269DEEE1C5A196A00B89134 /* WashAndShineTests.xctest */,
				2269DEF91C5A196A00B89134 /* WashAndShineUITests.xctest */,
			);
			name = Products;
			sourceTree = "<group>";
		};
		2269DED91C5A196A00B89134 /* WashAndShine */ = {
			isa = PBXGroup;
			children = (
				2269DEDA1C5A196A00B89134 /* AppDelegate.swift */,
				2269DEDC1C5A196A00B89134 /* ViewController.swift */,
				2269DEDE1C5A196A00B89134 /* Main.storyboard */,
				2269DEE41C5A196A00B89134 /* Assets.xcassets */,
				2269DEE61C5A196A00B89134 /* LaunchScreen.storyboard */,
				2269DEE91C5A196A00B89134 /* Info.plist */,
				2269DEE11C5A196A00B89134 /* WashAndShine.xcdatamodeld */,
			);
			path = WashAndShine;
			sourceTree = "<group>";
		};
		2269DEF11C5A196A00B89134 /* WashAndShineTests */ = {
			isa = PBXGroup;
			children = (
				2269DEF21C5A196A00B89134 /* WashAndShineTests.swift */,
				2269DEF41C5A196A00B89134 /* Info.plist */,
			);
			path = WashAndShineTests;
			sourceTree = "<group>";
		};
		2269DEFC1C5A196A00B89134 /* WashAndShineUITests */ = {
			isa = PBXGroup;
			children = (
				2269DEFD1C5A196A00B89134 /* WashAndShineUITests.swift */,
				2269DEFF1C5A196A00B89134 /* Info.plist */,
			);
			path = WashAndShineUITests;
			sourceTree = "<group>";
		};
/* End PBXGroup section */

/* Begin PBXNativeTarget section */
		2269DED61C5A196A00B89134 /* WashAndShine */ = {
			isa = PBXNativeTarget;
			buildConfigurationList = 2269DF021C5A196A00B89134 /* Build configuration list for PBXNativeTarget "WashAndShine" */;
			buildPhases = (
				2269DED31C5A196A00B89134 /* Sources */,
				2269DED41C5A196A00B89134 /* Frameworks */,
				2269DED51C5A196A00B89134 /* Resources */,
			);
			buildRules = (
			);
			dependencies = (
			);
			name = WashAndShine;
			productName = WashAndShine;
			productReference = 2269DED71C5A196A00B89134 /* WashAndShine.app */;
			productType = "com.apple.product-type.application";
		};
		2269DEED1C5A196A00B89134 /* WashAndShineTests */ = {
			isa = PBXNativeTarget;
			buildConfigurationList = 2269DF051C5A196A00B89134 /* Build configuration list for PBXNativeTarget "WashAndShineTests" */;
			buildPhases = (
				2269DEEA1C5A196A00B89134 /* Sources */,
				2269DEEB1C5A196A00B89134 /* Frameworks */,
				2269DEEC1C5A196A00B89134 /* Resources */,
			);
			buildRules = (
			);
			dependencies = (
				2269DEF01C5A196A00B89134 /* PBXTargetDependency */,
			);
			name = WashAndShineTests;
			productName = WashAndShineTests;
			productReference = 2269DEEE1C5A196A00B89134 /* WashAndShineTests.xctest */;
			productType = "com.apple.product-type.bundle.unit-test";
		};
		2269DEF81C5A196A00B89134 /* WashAndShineUITests */ = {
			isa = PBXNativeTarget;
			buildConfigurationList = 2269DF081C5A196A00B89134 /* Build configuration list for PBXNativeTarget "WashAndShineUITests" */;
			buildPhases = (
				2269DEF51C5A196A00B89134 /* Sources */,
				2269DEF61C5A196A00B89134 /* Frameworks */,
				2269DEF71C5A196A00B89134 /* Resources */,
			);
			buildRules = (
			);
			dependencies = (
				2269DEFB1C5A196A00B89134 /* PBXTargetDependency */,
			);
			name = WashAndShineUITests;
			productName = WashAndShineUITests;
			productReference = 2269DEF91C5A196A00B89134 /* WashAndShineUITests.xctest */;
			productType = "com.apple.product-type.bundle.ui-testing";
		};
/* End PBXNativeTarget section */

/* Begin PBXProject section */
		2269DECF1C5A196A00B89134 /* Project object */ = {
			isa = PBXProject;
			attributes = {
				LastUpgradeCheck = 0700;
				ORGANIZATIONNAME = "Syed Mohamed Ariff";
				TargetAttributes = {
					2269DED61C5A196A00B89134 = {
						CreatedOnToolsVersion = 7.0.1;
						DevelopmentTeam = 6X3H886QAU;
					};
					2269DEED1C5A196A00B89134 = {
						CreatedOnToolsVersion = 7.0.1;
						DevelopmentTeam = 6X3H886QAU;
						TestTargetID = 2269DED61C5A196A00B89134;
					};
					2269DEF81C5A196A00B89134 = {
						CreatedOnToolsVersion = 7.0.1;
						DevelopmentTeam = 6X3H886QAU;
						TestTargetID = 2269DED61C5A196A00B89134;
					};
				};
			};
			buildConfigurationList = 2269DED21C5A196A00B89134 /* Build configuration list for PBXProject "WashAndShine" */;
			compatibilityVersion = "Xcode 3.2";
			developmentRegion = English;
			hasScannedForEncodings = 0;
			knownRegions = (
				en,
				Base,
			);
			mainGroup = 2269DECE1C5A196A00B89134;
			productRefGroup = 2269DED81C5A196A00B89134 /* Products */;
			projectDirPath = "";
			projectRoot = "";
			targets = (
				2269DED61C5A196A00B89134 /* WashAndShine */,
				2269DEED1C5A196A00B89134 /* WashAndShineTests */,
				2269DEF81C5A196A00B89134 /* WashAndShineUITests */,
			);
		};
/* End PBXProject section */

/* Begin PBXResourcesBuildPhase section */
		2269DED51C5A196A00B89134 /* Resources */ = {
			isa = PBXResourcesBuildPhase;
			buildActionMask = 2147483647;
			files = (
				2269DEE81C5A196A00B89134 /* LaunchScreen.storyboard in Resources */,
				2269DEE51C5A196A00B89134 /* Assets.xcassets in Resources */,
				2269DEE01C5A196A00B89134 /* Main.storyboard in Resources */,
			);
			runOnlyForDeploymentPostprocessing = 0;
		};
		2269DEEC1C5A196A00B89134 /* Resources */ = {
			isa = PBXResourcesBuildPhase;
			buildActionMask = 2147483647;
			files = (
			);
			runOnlyForDeploymentPostprocessing = 0;
		};
		2269DEF71C5A196A00B89134 /* Resources */ = {
			isa = PBXResourcesBuildPhase;
			buildActionMask = 2147483647;
			files = (
			);
			runOnlyForDeploymentPostprocessing = 0;
		};
/* End PBXResourcesBuildPhase section */

/* Begin PBXSourcesBuildPhase section */
		2269DED31C5A196A00B89134 /* Sources */ = {
			isa = PBXSourcesBuildPhase;
			buildActionMask = 2147483647;
			files = (
				2269DEE31C5A196A00B89134 /* WashAndShine.xcdatamodeld in Sources */,
				2269DEDD1C5A196A00B89134 /* ViewController.swift in Sources */,
				2269DEDB1C5A196A00B89134 /* AppDelegate.swift in Sources */,
			);
			runOnlyForDeploymentPostprocessing = 0;
		};
		2269DEEA1C5A196A00B89134 /* Sources */ = {
			isa = PBXSourcesBuildPhase;
			buildActionMask = 2147483647;
			files = (
				2269DEF31C5A196A00B89134 /* WashAndShineTests.swift in Sources */,
			);
			runOnlyForDeploymentPostprocessing = 0;
		};
		2269DEF51C5A196A00B89134 /* Sources */ = {
			isa = PBXSourcesBuildPhase;
			buildActionMask = 2147483647;
			files = (
				2269DEFE1C5A196A00B89134 /* WashAndShineUITests.swift in Sources */,
			);
			runOnlyForDeploymentPostprocessing = 0;
		};
/* End PBXSourcesBuildPhase section */

/* Begin PBXTargetDependency section */
		2269DEF01C5A196A00B89134 /* PBXTargetDependency */ = {
			isa = PBXTargetDependency;
			target = 2269DED61C5A196A00B89134 /* WashAndShine */;
			targetProxy = 2269DEEF1C5A196A00B89134 /* PBXContainerItemProxy */;
		};
		2269DEFB1C5A196A00B89134 /* PBXTargetDependency */ = {
			isa = PBXTargetDependency;
			target = 2269DED61C5A196A00B89134 /* WashAndShine */;
			targetProxy = 2269DEFA1C5A196A00B89134 /* PBXContainerItemProxy */;
		};
/* End PBXTargetDependency section */

/* Begin PBXVariantGroup section */
		2269DEDE1C5A196A00B89134 /* Main.storyboard */ = {
			isa = PBXVariantGroup;
			children = (
				2269DEDF1C5A196A00B89134 /* Base */,
			);
			name = Main.storyboard;
			sourceTree = "<group>";
		};
		2269DEE61C5A196A00B89134 /* LaunchScreen.storyboard */ = {
			isa = PBXVariantGroup;
			children = (
				2269DEE71C5A196A00B89134 /* Base */,
			);
			name = LaunchScreen.storyboard;
			sourceTree = "<group>";
		};
/* End PBXVariantGroup section */

/* Begin XCBuildConfiguration section */
		2269DF001C5A196A00B89134 /* Debug */ = {
			isa = XCBuildConfiguration;
			buildSettings = {
				ALWAYS_SEARCH_USER_PATHS = NO;
				CLANG_CXX_LANGUAGE_STANDARD = "gnu++0x";
				CLANG_CXX_LIBRARY = "libc++";
				CLANG_ENABLE_MODULES = YES;
				CLANG_ENABLE_OBJC_ARC = YES;
				CLANG_WARN_BOOL_CONVERSION = YES;
				CLANG_WARN_CONSTANT_CONVERSION = YES;
				CLANG_WARN_DIRECT_OBJC_ISA_USAGE = YES_ERROR;
				CLANG_WARN_EMPTY_BODY = YES;
				CLANG_WARN_ENUM_CONVERSION = YES;
				CLANG_WARN_INT_CONVERSION = YES;
				CLANG_WARN_OBJC_ROOT_CLASS = YES_ERROR;
				CLANG_WARN_UNREACHABLE_CODE = YES;
				CLANG_WARN__DUPLICATE_METHOD_MATCH = YES;
				"CODE_SIGN_IDENTITY[sdk=iphoneos*]" = "iPhone Developer";
				COPY_PHASE_STRIP = NO;
				DEBUG_INFORMATION_FORMAT = dwarf;
				ENABLE_STRICT_OBJC_MSGSEND = YES;
				ENABLE_TESTABILITY = YES;
				GCC_C_LANGUAGE_STANDARD = gnu99;
				GCC_DYNAMIC_NO_PIC = NO;
				GCC_NO_COMMON_BLOCKS = YES;
				GCC_OPTIMIZATION_LEVEL = 0;
				GCC_PREPROCESSOR_DEFINITIONS = (
					"DEBUG=1",
					"$(inherited)",
				);
				GCC_WARN_64_TO_32_BIT_CONVERSION = YES;
				GCC_WARN_ABOUT_RETURN_TYPE = YES_ERROR;
				GCC_WARN_UNDECLARED_SELECTOR = YES;
				GCC_WARN_UNINITIALIZED_AUTOS = YES_AGGRESSIVE;
				GCC_WARN_UNUSED_FUNCTION = YES;
				GCC_WARN_UNUSED_VARIABLE = YES;
				IPHONEOS_DEPLOYMENT_TARGET = 9.0;
				MTL_ENABLE_DEBUG_INFO = YES;
				ONLY_ACTIVE_ARCH = YES;
				SDKROOT = iphoneos;
				SWIFT_OPTIMIZATION_LEVEL = "-Onone";
				TARGETED_DEVICE_FAMILY = "1,2";
			};
			name = Debug;
		};
		2269DF011C5A196A00B89134 /* Release */ = {
			isa = XCBuildConfiguration;
			buildSettings = {
				ALWAYS_SEARCH_USER_PATHS = NO;
				CLANG_CXX_LANGUAGE_STANDARD = "gnu++0x";
				CLANG_CXX_LIBRARY = "libc++";
				CLANG_ENABLE_MODULES = YES;
				CLANG_ENABLE_OBJC_ARC = YES;
				CLANG_WARN_BOOL_CONVERSION = YES;
				CLANG_WARN_CONSTANT_CONVERSION = YES;
				CLANG_WARN_DIRECT_OBJC_ISA_USAGE = YES_ERROR;
				CLANG_WARN_EMPTY_BODY = YES;
				CLANG_WARN_ENUM_CONVERSION = YES;
				CLANG_WARN_INT_CONVERSION = YES;
				CLANG_WARN_OBJC_ROOT_CLASS = YES_ERROR;
				CLANG_WARN_UNREACHABLE_CODE = YES;
				CLANG_WARN__DUPLICATE_METHOD_MATCH = YES;
				"CODE_SIGN_IDENTITY[sdk=iphoneos*]" = "iPhone Developer";
				COPY_PHASE_STRIP = NO;
				DEBUG_INFORMATION_FORMAT = "dwarf-with-dsym";
				ENABLE_NS_ASSERTIONS = NO;
				ENABLE_STRICT_OBJC_MSGSEND = YES;
				GCC_C_LANGUAGE_STANDARD = gnu99;
				GCC_NO_COMMON_BLOCKS = YES;
				GCC_WARN_64_TO_32_BIT_CONVERSION = YES;
				GCC_WARN_ABOUT_RETURN_TYPE = YES_ERROR;
				GCC_WARN_UNDECLARED_SELECTOR = YES;
				GCC_WARN_UNINITIALIZED_AUTOS = YES_AGGRESSIVE;
				GCC_WARN_UNUSED_FUNCTION = YES;
				GCC_WARN_UNUSED_VARIABLE = YES;
				IPHONEOS_DEPLOYMENT_TARGET = 9.0;
				MTL_ENABLE_DEBUG_INFO = NO;
				SDKROOT = iphoneos;
				TARGETED_DEVICE_FAMILY = "1,2";
				VALIDATE_PRODUCT = YES;
			};
			name = Release;
		};
		2269DF031C5A196A00B89134 /* Debug */ = {
			isa = XCBuildConfiguration;
			buildSettings = {
				ASSETCATALOG_COMPILER_APPICON_NAME = AppIcon;
				INFOPLIST_FILE = WashAndShine/Info.plist;
				LD_RUNPATH_SEARCH_PATHS = "$(inherited) @executable_path/Frameworks";
				PRODUCT_BUNDLE_IDENTIFIER = com.ariff.WashAndShine;
				PRODUCT_NAME = "$(TARGET_NAME)";
			};
			name = Debug;
		};
		2269DF041C5A196A00B89134 /* Release */ = {
			isa = XCBuildConfiguration;
			buildSettings = {
				ASSETCATALOG_COMPILER_APPICON_NAME = AppIcon;
				INFOPLIST_FILE = WashAndShine/Info.plist;
				LD_RUNPATH_SEARCH_PATHS = "$(inherited) @executable_path/Frameworks";
				PRODUCT_BUNDLE_IDENTIFIER = com.ariff.WashAndShine;
				PRODUCT_NAME = "$(TARGET_NAME)";
			};
			name = Release;
		};
		2269DF061C5A196A00B89134 /* Debug */ = {
			isa = XCBuildConfiguration;
			buildSettings = {
				BUNDLE_LOADER = "$(TEST_HOST)";
				INFOPLIST_FILE = WashAndShineTests/Info.plist;
				LD_RUNPATH_SEARCH_PATHS = "$(inherited) @executable_path/Frameworks @loader_path/Frameworks";
				PRODUCT_BUNDLE_IDENTIFIER = com.ariff.WashAndShineTests;
				PRODUCT_NAME = "$(TARGET_NAME)";
				TEST_HOST = "$(BUILT_PRODUCTS_DIR)/WashAndShine.app/WashAndShine";
			};
			name = Debug;
		};
		2269DF071C5A196A00B89134 /* Release */ = {
			isa = XCBuildConfiguration;
			buildSettings = {
				BUNDLE_LOADER = "$(TEST_HOST)";
				INFOPLIST_FILE = WashAndShineTests/Info.plist;
				LD_RUNPATH_SEARCH_PATHS = "$(inherited) @executable_path/Frameworks @loader_path/Frameworks";
				PRODUCT_BUNDLE_IDENTIFIER = com.ariff.WashAndShineTests;
				PRODUCT_NAME = "$(TARGET_NAME)";
				TEST_HOST = "$(BUILT_PRODUCTS_DIR)/WashAndShine.app/WashAndShine";
			};
			name = Release;
		};
		2269DF091C5A196A00B89134 /* Debug */ = {
			isa = XCBuildConfiguration;
			buildSettings = {
				INFOPLIST_FILE = WashAndShineUITests/Info.plist;
				LD_RUNPATH_SEARCH_PATHS = "$(inherited) @executable_path/Frameworks @loader_path/Frameworks";
				PRODUCT_BUNDLE_IDENTIFIER = com.ariff.WashAndShineUITests;
				PRODUCT_NAME = "$(TARGET_NAME)";
				TEST_TARGET_NAME = WashAndShine;
				USES_XCTRUNNER = YES;
			};
			name = Debug;
		};
		2269DF0A1C5A196A00B89134 /* Release */ = {
			isa = XCBuildConfiguration;
			buildSettings = {
				INFOPLIST_FILE = WashAndShineUITests/Info.plist;
				LD_RUNPATH_SEARCH_PATHS = "$(inherited) @executable_path/Frameworks @loader_path/Frameworks";
				PRODUCT_BUNDLE_IDENTIFIER = com.ariff.WashAndShineUITests;
				PRODUCT_NAME = "$(TARGET_NAME)";
				TEST_TARGET_NAME = WashAndShine;
				USES_XCTRUNNER = YES;
			};
			name = Release;
		};
/* End XCBuildConfiguration section */

/* Begin XCConfigurationList section */
		2269DED21C5A196A00B89134 /* Build configuration list for PBXProject "WashAndShine" */ = {
			isa = XCConfigurationList;
			buildConfigurations = (
				2269DF001C5A196A00B89134 /* Debug */,
				2269DF011C5A196A00B89134 /* Release */,
			);
			defaultConfigurationIsVisible = 0;
			defaultConfigurationName = Release;
		};
		2269DF021C5A196A00B89134 /* Build configuration list for PBXNativeTarget "WashAndShine" */ = {
			isa = XCConfigurationList;
			buildConfigurations = (
				2269DF031C5A196A00B89134 /* Debug */,
				2269DF041C5A196A00B89134 /* Release */,
			);
			defaultConfigurationIsVisible = 0;
		};
		2269DF051C5A196A00B89134 /* Build configuration list for PBXNativeTarget "WashAndShineTests" */ = {
			isa = XCConfigurationList;
			buildConfigurations = (
				2269DF061C5A196A00B89134 /* Debug */,
				2269DF071C5A196A00B89134 /* Release */,
			);
			defaultConfigurationIsVisible = 0;
		};
		2269DF081C5A196A00B89134 /* Build configuration list for PBXNativeTarget "WashAndShineUITests" */ = {
			isa = XCConfigurationList;
			buildConfigurations = (
				2269DF091C5A196A00B89134 /* Debug */,
				2269DF0A1C5A196A00B89134 /* Release */,
			);
			defaultConfigurationIsVisible = 0;
		};
/* End XCConfigurationList section */

/* Begin XCVersionGroup section */
		2269DEE11C5A196A00B89134 /* WashAndShine.xcdatamodeld */ = {
			isa = XCVersionGroup;
			children = (
				2269DEE21C5A196A00B89134 /* WashAndShine.xcdatamodel */,
			);
			currentVersion = 2269DEE21C5A196A00B89134 /* WashAndShine.xcdatamodel */;
			path = WashAndShine.xcdatamodeld;
			sourceTree = "<group>";
			versionGroupType = wrapper.xcdatamodel;
		};
/* End XCVersionGroup section */
	};
	rootObject = 2269DECF1C5A196A00B89134 /* Project object */;
}
